[[package]]
name = "bitrange"
version = "0.1.2"
dependencies = [
 "bitrange_plugin 0.1.2 (registry+https://github.com/rust-lang/crates.io-index)",
]

[[package]]
name = "bitrange_plugin"
version = "0.1.2"
source = "registry+https://github.com/rust-lang/crates.io-index"

[metadata]
"checksum bitrange_plugin 0.1.2 (registry+https://github.com/rust-lang/crates.io-index)" = "0b0600c8f914fde66e93ef9635c24df9bad9408f56cf04420c238baa3fb23d9a"
